// !$*UTF8*$!
{
	archiveVersion = 1;
	classes = {
	};
	objectVersion = 50;
	objects = {

/* Begin PBXBuildFile section */
		DD21230A249A00BE00A9D2EA /* AppDelegate.swift in Sources */ = {isa = PBXBuildFile; fileRef = DD212309249A00BE00A9D2EA /* AppDelegate.swift */; };
		DD212311249A00BE00A9D2EA /* Main.storyboard in Resources */ = {isa = PBXBuildFile; fileRef = DD21230F249A00BE00A9D2EA /* Main.storyboard */; };
		DD212313249A00C100A9D2EA /* Assets.xcassets in Resources */ = {isa = PBXBuildFile; fileRef = DD212312249A00C100A9D2EA /* Assets.xcassets */; };
		DD212316249A00C100A9D2EA /* LaunchScreen.storyboard in Resources */ = {isa = PBXBuildFile; fileRef = DD212314249A00C100A9D2EA /* LaunchScreen.storyboard */; };
		DD212323249A01DA00A9D2EA /* URLBuilder.swift in Sources */ = {isa = PBXBuildFile; fileRef = DD212322249A01DA00A9D2EA /* URLBuilder.swift */; };
		DD212327249A02A000A9D2EA /* ImageCache.swift in Sources */ = {isa = PBXBuildFile; fileRef = DD212326249A02A000A9D2EA /* ImageCache.swift */; };
		DD212329249A02C400A9D2EA /* DownloadManager.swift in Sources */ = {isa = PBXBuildFile; fileRef = DD212328249A02C400A9D2EA /* DownloadManager.swift */; };
		DD21232B249A02DE00A9D2EA /* DataWorker.swift in Sources */ = {isa = PBXBuildFile; fileRef = DD21232A249A02DE00A9D2EA /* DataWorker.swift */; };
		DD21232E249A031500A9D2EA /* HTTPURLResponse+HasSuccessStatusCode.swift in Sources */ = {isa = PBXBuildFile; fileRef = DD21232D249A031500A9D2EA /* HTTPURLResponse+HasSuccessStatusCode.swift */; };
		DD212330249A033100A9D2EA /* Dictionary+PercentEncoded.swift in Sources */ = {isa = PBXBuildFile; fileRef = DD21232F249A033100A9D2EA /* Dictionary+PercentEncoded.swift */; };
		DD212333249A036400A9D2EA /* CustomError.swift in Sources */ = {isa = PBXBuildFile; fileRef = DD212332249A036400A9D2EA /* CustomError.swift */; };
		DD212336249A067400A9D2EA /* Repository.swift in Sources */ = {isa = PBXBuildFile; fileRef = DD212335249A067400A9D2EA /* Repository.swift */; };
		DD212338249A06D800A9D2EA /* Owner.swift in Sources */ = {isa = PBXBuildFile; fileRef = DD212337249A06D800A9D2EA /* Owner.swift */; };
		DD21233C249A0BC600A9D2EA /* RepositoryListViewController.swift in Sources */ = {isa = PBXBuildFile; fileRef = DD21233B249A0BC600A9D2EA /* RepositoryListViewController.swift */; };
		DD21233F249A0C0F00A9D2EA /* Coordinator.swift in Sources */ = {isa = PBXBuildFile; fileRef = DD21233E249A0C0F00A9D2EA /* Coordinator.swift */; };
		DD212341249A0C2400A9D2EA /* RepostoriesCoordinator.swift in Sources */ = {isa = PBXBuildFile; fileRef = DD212340249A0C2400A9D2EA /* RepostoriesCoordinator.swift */; };
		DD212343249A12F300A9D2EA /* RepositoryListView.swift in Sources */ = {isa = PBXBuildFile; fileRef = DD212342249A12F300A9D2EA /* RepositoryListView.swift */; };
		DD212347249A132700A9D2EA /* AsyncImageView.swift in Sources */ = {isa = PBXBuildFile; fileRef = DD212346249A132700A9D2EA /* AsyncImageView.swift */; };
		DD21234C249A144600A9D2EA /* RepositoryListTableViewCell.swift in Sources */ = {isa = PBXBuildFile; fileRef = DD21234A249A144600A9D2EA /* RepositoryListTableViewCell.swift */; };
		DD212354249A14D900A9D2EA /* UITableViewCell + ReuseIdentifier.swift in Sources */ = {isa = PBXBuildFile; fileRef = DD212353249A14D900A9D2EA /* UITableViewCell + ReuseIdentifier.swift */; };
		DD212357249A371400A9D2EA /* RepositoryListTableViewCellViewModel.swift in Sources */ = {isa = PBXBuildFile; fileRef = DD212356249A371400A9D2EA /* RepositoryListTableViewCellViewModel.swift */; };
		DD21235A249A38D200A9D2EA /* RepositoryListTableViewDataSource.swift in Sources */ = {isa = PBXBuildFile; fileRef = DD212359249A38D200A9D2EA /* RepositoryListTableViewDataSource.swift */; };
		DD21235E249A3BB600A9D2EA /* RepositoryWarehouse.swift in Sources */ = {isa = PBXBuildFile; fileRef = DD21235D249A3BB600A9D2EA /* RepositoryWarehouse.swift */; };
		DD212360249A3D7900A9D2EA /* RepositoryListTableViewDelegate.swift in Sources */ = {isa = PBXBuildFile; fileRef = DD21235F249A3D7900A9D2EA /* RepositoryListTableViewDelegate.swift */; };
		DD212362249A3E2200A9D2EA /* RepositoryListViewModel.swift in Sources */ = {isa = PBXBuildFile; fileRef = DD212361249A3E2200A9D2EA /* RepositoryListViewModel.swift */; };
		DD212364249AADEB00A9D2EA /* RepositoryListTableViewPrefetchingDataSource.swift in Sources */ = {isa = PBXBuildFile; fileRef = DD212363249AADEB00A9D2EA /* RepositoryListTableViewPrefetchingDataSource.swift */; };
		DD212366249B699900A9D2EA /* Commit.swift in Sources */ = {isa = PBXBuildFile; fileRef = DD212365249B699900A9D2EA /* Commit.swift */; };
		DD212368249B6AD800A9D2EA /* CommitNode.swift in Sources */ = {isa = PBXBuildFile; fileRef = DD212367249B6AD800A9D2EA /* CommitNode.swift */; };
		DD21236A249B6B9E00A9D2EA /* CommitNodeAuthor.swift in Sources */ = {isa = PBXBuildFile; fileRef = DD212369249B6B9E00A9D2EA /* CommitNodeAuthor.swift */; };
		DD21236E249B6C9500A9D2EA /* RepositoryInfoViewController.swift in Sources */ = {isa = PBXBuildFile; fileRef = DD21236D249B6C9500A9D2EA /* RepositoryInfoViewController.swift */; };
		DD212371249B6E0000A9D2EA /* RepositoryInfoView.swift in Sources */ = {isa = PBXBuildFile; fileRef = DD212370249B6E0000A9D2EA /* RepositoryInfoView.swift */; };
		DD212373249B732E00A9D2EA /* RepositoryInfoViewModel.swift in Sources */ = {isa = PBXBuildFile; fileRef = DD212372249B732E00A9D2EA /* RepositoryInfoViewModel.swift */; };
		DD26CFA9249BAEF100B09F73 /* NaPopravku_Test_Tests.swift in Sources */ = {isa = PBXBuildFile; fileRef = DD26CFA8249BAEF100B09F73 /* NaPopravku_Test_Tests.swift */; };
		DD26CFB1249BB10600B09F73 /* CommitNodeAuthor+Equatable.swift in Sources */ = {isa = PBXBuildFile; fileRef = DD26CFB0249BB10600B09F73 /* CommitNodeAuthor+Equatable.swift */; };
		DD26CFB3249BB33700B09F73 /* CommitNode+Equatable.swift in Sources */ = {isa = PBXBuildFile; fileRef = DD26CFB2249BB33700B09F73 /* CommitNode+Equatable.swift */; };
		DD26CFB5249BB3F900B09F73 /* Commit+Equatable.swift in Sources */ = {isa = PBXBuildFile; fileRef = DD26CFB4249BB3F900B09F73 /* Commit+Equatable.swift */; };
		DD26CFB7249BB61000B09F73 /* Owner+Equatable.swift in Sources */ = {isa = PBXBuildFile; fileRef = DD26CFB6249BB61000B09F73 /* Owner+Equatable.swift */; };
		DD26CFBF249BC38200B09F73 /* NaPopravku_Test_UITests.swift in Sources */ = {isa = PBXBuildFile; fileRef = DD26CFBE249BC38200B09F73 /* NaPopravku_Test_UITests.swift */; };
		DD26CFC7249C001C00B09F73 /* AlertHandler.swift in Sources */ = {isa = PBXBuildFile; fileRef = DD26CFC6249C001C00B09F73 /* AlertHandler.swift */; };
/* End PBXBuildFile section */

/* Begin PBXContainerItemProxy section */
		DD26CFAB249BAEF100B09F73 /* PBXContainerItemProxy */ = {
			isa = PBXContainerItemProxy;
			containerPortal = DD2122FE249A00BE00A9D2EA /* Project object */;
			proxyType = 1;
			remoteGlobalIDString = DD212305249A00BE00A9D2EA;
			remoteInfo = "NaPopravku Test";
		};
		DD26CFC1249BC38200B09F73 /* PBXContainerItemProxy */ = {
			isa = PBXContainerItemProxy;
			containerPortal = DD2122FE249A00BE00A9D2EA /* Project object */;
			proxyType = 1;
			remoteGlobalIDString = DD212305249A00BE00A9D2EA;
			remoteInfo = "NaPopravku Test";
		};
/* End PBXContainerItemProxy section */

/* Begin PBXFileReference section */
		DD212306249A00BE00A9D2EA /* NaPopravku Test.app */ = {isa = PBXFileReference; explicitFileType = wrapper.application; includeInIndex = 0; path = "NaPopravku Test.app"; sourceTree = BUILT_PRODUCTS_DIR; };
		DD212309249A00BE00A9D2EA /* AppDelegate.swift */ = {isa = PBXFileReference; lastKnownFileType = sourcecode.swift; path = AppDelegate.swift; sourceTree = "<group>"; };
		DD212310249A00BE00A9D2EA /* Base */ = {isa = PBXFileReference; lastKnownFileType = file.storyboard; name = Base; path = Base.lproj/Main.storyboard; sourceTree = "<group>"; };
		DD212312249A00C100A9D2EA /* Assets.xcassets */ = {isa = PBXFileReference; lastKnownFileType = folder.assetcatalog; path = Assets.xcassets; sourceTree = "<group>"; };
		DD212315249A00C100A9D2EA /* Base */ = {isa = PBXFileReference; lastKnownFileType = file.storyboard; name = Base; path = Base.lproj/LaunchScreen.storyboard; sourceTree = "<group>"; };
		DD212317249A00C100A9D2EA /* Info.plist */ = {isa = PBXFileReference; lastKnownFileType = text.plist.xml; path = Info.plist; sourceTree = "<group>"; };
		DD212322249A01DA00A9D2EA /* URLBuilder.swift */ = {isa = PBXFileReference; lastKnownFileType = sourcecode.swift; path = URLBuilder.swift; sourceTree = "<group>"; };
		DD212326249A02A000A9D2EA /* ImageCache.swift */ = {isa = PBXFileReference; lastKnownFileType = sourcecode.swift; path = ImageCache.swift; sourceTree = "<group>"; };
		DD212328249A02C400A9D2EA /* DownloadManager.swift */ = {isa = PBXFileReference; lastKnownFileType = sourcecode.swift; path = DownloadManager.swift; sourceTree = "<group>"; };
		DD21232A249A02DE00A9D2EA /* DataWorker.swift */ = {isa = PBXFileReference; lastKnownFileType = sourcecode.swift; path = DataWorker.swift; sourceTree = "<group>"; };
		DD21232D249A031500A9D2EA /* HTTPURLResponse+HasSuccessStatusCode.swift */ = {isa = PBXFileReference; lastKnownFileType = sourcecode.swift; path = "HTTPURLResponse+HasSuccessStatusCode.swift"; sourceTree = "<group>"; };
		DD21232F249A033100A9D2EA /* Dictionary+PercentEncoded.swift */ = {isa = PBXFileReference; lastKnownFileType = sourcecode.swift; path = "Dictionary+PercentEncoded.swift"; sourceTree = "<group>"; };
		DD212332249A036400A9D2EA /* CustomError.swift */ = {isa = PBXFileReference; lastKnownFileType = sourcecode.swift; path = CustomError.swift; sourceTree = "<group>"; };
		DD212335249A067400A9D2EA /* Repository.swift */ = {isa = PBXFileReference; lastKnownFileType = sourcecode.swift; path = Repository.swift; sourceTree = "<group>"; };
		DD212337249A06D800A9D2EA /* Owner.swift */ = {isa = PBXFileReference; lastKnownFileType = sourcecode.swift; path = Owner.swift; sourceTree = "<group>"; };
		DD21233B249A0BC600A9D2EA /* RepositoryListViewController.swift */ = {isa = PBXFileReference; lastKnownFileType = sourcecode.swift; path = RepositoryListViewController.swift; sourceTree = "<group>"; };
		DD21233E249A0C0F00A9D2EA /* Coordinator.swift */ = {isa = PBXFileReference; lastKnownFileType = sourcecode.swift; path = Coordinator.swift; sourceTree = "<group>"; };
		DD212340249A0C2400A9D2EA /* RepostoriesCoordinator.swift */ = {isa = PBXFileReference; lastKnownFileType = sourcecode.swift; path = RepostoriesCoordinator.swift; sourceTree = "<group>"; };
		DD212342249A12F300A9D2EA /* RepositoryListView.swift */ = {isa = PBXFileReference; lastKnownFileType = sourcecode.swift; path = RepositoryListView.swift; sourceTree = "<group>"; };
		DD212346249A132700A9D2EA /* AsyncImageView.swift */ = {isa = PBXFileReference; lastKnownFileType = sourcecode.swift; path = AsyncImageView.swift; sourceTree = "<group>"; };
		DD21234A249A144600A9D2EA /* RepositoryListTableViewCell.swift */ = {isa = PBXFileReference; lastKnownFileType = sourcecode.swift; path = RepositoryListTableViewCell.swift; sourceTree = "<group>"; };
		DD212353249A14D900A9D2EA /* UITableViewCell + ReuseIdentifier.swift */ = {isa = PBXFileReference; lastKnownFileType = sourcecode.swift; path = "UITableViewCell + ReuseIdentifier.swift"; sourceTree = "<group>"; };
		DD212356249A371400A9D2EA /* RepositoryListTableViewCellViewModel.swift */ = {isa = PBXFileReference; lastKnownFileType = sourcecode.swift; path = RepositoryListTableViewCellViewModel.swift; sourceTree = "<group>"; };
		DD212359249A38D200A9D2EA /* RepositoryListTableViewDataSource.swift */ = {isa = PBXFileReference; lastKnownFileType = sourcecode.swift; path = RepositoryListTableViewDataSource.swift; sourceTree = "<group>"; };
		DD21235D249A3BB600A9D2EA /* RepositoryWarehouse.swift */ = {isa = PBXFileReference; lastKnownFileType = sourcecode.swift; path = RepositoryWarehouse.swift; sourceTree = "<group>"; };
		DD21235F249A3D7900A9D2EA /* RepositoryListTableViewDelegate.swift */ = {isa = PBXFileReference; lastKnownFileType = sourcecode.swift; path = RepositoryListTableViewDelegate.swift; sourceTree = "<group>"; };
		DD212361249A3E2200A9D2EA /* RepositoryListViewModel.swift */ = {isa = PBXFileReference; lastKnownFileType = sourcecode.swift; path = RepositoryListViewModel.swift; sourceTree = "<group>"; };
		DD212363249AADEB00A9D2EA /* RepositoryListTableViewPrefetchingDataSource.swift */ = {isa = PBXFileReference; lastKnownFileType = sourcecode.swift; path = RepositoryListTableViewPrefetchingDataSource.swift; sourceTree = "<group>"; };
		DD212365249B699900A9D2EA /* Commit.swift */ = {isa = PBXFileReference; lastKnownFileType = sourcecode.swift; path = Commit.swift; sourceTree = "<group>"; };
		DD212367249B6AD800A9D2EA /* CommitNode.swift */ = {isa = PBXFileReference; lastKnownFileType = sourcecode.swift; path = CommitNode.swift; sourceTree = "<group>"; };
		DD212369249B6B9E00A9D2EA /* CommitNodeAuthor.swift */ = {isa = PBXFileReference; lastKnownFileType = sourcecode.swift; path = CommitNodeAuthor.swift; sourceTree = "<group>"; };
		DD21236D249B6C9500A9D2EA /* RepositoryInfoViewController.swift */ = {isa = PBXFileReference; lastKnownFileType = sourcecode.swift; path = RepositoryInfoViewController.swift; sourceTree = "<group>"; };
		DD212370249B6E0000A9D2EA /* RepositoryInfoView.swift */ = {isa = PBXFileReference; lastKnownFileType = sourcecode.swift; path = RepositoryInfoView.swift; sourceTree = "<group>"; };
		DD212372249B732E00A9D2EA /* RepositoryInfoViewModel.swift */ = {isa = PBXFileReference; lastKnownFileType = sourcecode.swift; path = RepositoryInfoViewModel.swift; sourceTree = "<group>"; };
		DD26CFA6249BAEF100B09F73 /* NaPopravku Test Tests.xctest */ = {isa = PBXFileReference; explicitFileType = wrapper.cfbundle; includeInIndex = 0; path = "NaPopravku Test Tests.xctest"; sourceTree = BUILT_PRODUCTS_DIR; };
		DD26CFA8249BAEF100B09F73 /* NaPopravku_Test_Tests.swift */ = {isa = PBXFileReference; lastKnownFileType = sourcecode.swift; path = NaPopravku_Test_Tests.swift; sourceTree = "<group>"; };
		DD26CFAA249BAEF100B09F73 /* Info.plist */ = {isa = PBXFileReference; lastKnownFileType = text.plist.xml; path = Info.plist; sourceTree = "<group>"; };
		DD26CFB0249BB10600B09F73 /* CommitNodeAuthor+Equatable.swift */ = {isa = PBXFileReference; lastKnownFileType = sourcecode.swift; path = "CommitNodeAuthor+Equatable.swift"; sourceTree = "<group>"; };
		DD26CFB2249BB33700B09F73 /* CommitNode+Equatable.swift */ = {isa = PBXFileReference; lastKnownFileType = sourcecode.swift; path = "CommitNode+Equatable.swift"; sourceTree = "<group>"; };
		DD26CFB4249BB3F900B09F73 /* Commit+Equatable.swift */ = {isa = PBXFileReference; lastKnownFileType = sourcecode.swift; path = "Commit+Equatable.swift"; sourceTree = "<group>"; };
		DD26CFB6249BB61000B09F73 /* Owner+Equatable.swift */ = {isa = PBXFileReference; lastKnownFileType = sourcecode.swift; path = "Owner+Equatable.swift"; sourceTree = "<group>"; };
		DD26CFBC249BC38200B09F73 /* NaPopravku Test UITests.xctest */ = {isa = PBXFileReference; explicitFileType = wrapper.cfbundle; includeInIndex = 0; path = "NaPopravku Test UITests.xctest"; sourceTree = BUILT_PRODUCTS_DIR; };
		DD26CFBE249BC38200B09F73 /* NaPopravku_Test_UITests.swift */ = {isa = PBXFileReference; lastKnownFileType = sourcecode.swift; path = NaPopravku_Test_UITests.swift; sourceTree = "<group>"; };
		DD26CFC0249BC38200B09F73 /* Info.plist */ = {isa = PBXFileReference; lastKnownFileType = text.plist.xml; path = Info.plist; sourceTree = "<group>"; };
		DD26CFC6249C001C00B09F73 /* AlertHandler.swift */ = {isa = PBXFileReference; lastKnownFileType = sourcecode.swift; path = AlertHandler.swift; sourceTree = "<group>"; };
/* End PBXFileReference section */

/* Begin PBXFrameworksBuildPhase section */
		DD212303249A00BE00A9D2EA /* Frameworks */ = {
			isa = PBXFrameworksBuildPhase;
			buildActionMask = 2147483647;
			files = (
			);
			runOnlyForDeploymentPostprocessing = 0;
		};
		DD26CFA3249BAEF100B09F73 /* Frameworks */ = {
			isa = PBXFrameworksBuildPhase;
			buildActionMask = 2147483647;
			files = (
			);
			runOnlyForDeploymentPostprocessing = 0;
		};
		DD26CFB9249BC38200B09F73 /* Frameworks */ = {
			isa = PBXFrameworksBuildPhase;
			buildActionMask = 2147483647;
			files = (
			);
			runOnlyForDeploymentPostprocessing = 0;
		};
/* End PBXFrameworksBuildPhase section */

/* Begin PBXGroup section */
		DD2122FD249A00BE00A9D2EA = {
			isa = PBXGroup;
			children = (
				DD212308249A00BE00A9D2EA /* NaPopravku Test */,
				DD26CFA7249BAEF100B09F73 /* NaPopravku Test Tests */,
				DD26CFBD249BC38200B09F73 /* NaPopravku Test UITests */,
				DD212307249A00BE00A9D2EA /* Products */,
			);
			sourceTree = "<group>";
		};
		DD212307249A00BE00A9D2EA /* Products */ = {
			isa = PBXGroup;
			children = (
				DD212306249A00BE00A9D2EA /* NaPopravku Test.app */,
				DD26CFA6249BAEF100B09F73 /* NaPopravku Test Tests.xctest */,
				DD26CFBC249BC38200B09F73 /* NaPopravku Test UITests.xctest */,
			);
			name = Products;
			sourceTree = "<group>";
		};
		DD212308249A00BE00A9D2EA /* NaPopravku Test */ = {
			isa = PBXGroup;
			children = (
				DD212331249A035B00A9D2EA /* Constants */,
				DD21233D249A0C0300A9D2EA /* Coordinators */,
				DD21232C249A02F100A9D2EA /* Extensions */,
				DD212334249A066800A9D2EA /* Models */,
				DD21231D249A010500A9D2EA /* Resources */,
				DD212321249A01AA00A9D2EA /* Utils */,
				DD21231E249A010D00A9D2EA /* View controllers */,
				DD212355249A36F200A9D2EA /* View models */,
				DD21231F249A011600A9D2EA /* Views */,
			);
			path = "NaPopravku Test";
			sourceTree = "<group>";
		};
		DD21231D249A010500A9D2EA /* Resources */ = {
			isa = PBXGroup;
			children = (
				DD212309249A00BE00A9D2EA /* AppDelegate.swift */,
				DD212312249A00C100A9D2EA /* Assets.xcassets */,
				DD212317249A00C100A9D2EA /* Info.plist */,
			);
			path = Resources;
			sourceTree = "<group>";
		};
		DD21231E249A010D00A9D2EA /* View controllers */ = {
			isa = PBXGroup;
			children = (
				DD21233B249A0BC600A9D2EA /* RepositoryListViewController.swift */,
				DD21236D249B6C9500A9D2EA /* RepositoryInfoViewController.swift */,
			);
			path = "View controllers";
			sourceTree = "<group>";
		};
		DD21231F249A011600A9D2EA /* Views */ = {
			isa = PBXGroup;
			children = (
				DD212345249A131A00A9D2EA /* Custom Views */,
				DD21236F249B6DED00A9D2EA /* Repository Info View Controller */,
				DD212344249A130B00A9D2EA /* Repository List View Controller */,
				DD212320249A011B00A9D2EA /* Storyboards */,
			);
			path = Views;
			sourceTree = "<group>";
		};
		DD212320249A011B00A9D2EA /* Storyboards */ = {
			isa = PBXGroup;
			children = (
				DD212314249A00C100A9D2EA /* LaunchScreen.storyboard */,
				DD21230F249A00BE00A9D2EA /* Main.storyboard */,
			);
			path = Storyboards;
			sourceTree = "<group>";
		};
		DD212321249A01AA00A9D2EA /* Utils */ = {
			isa = PBXGroup;
			children = (
				DD212358249A38A800A9D2EA /* Repository List View Controller */,
				DD21232A249A02DE00A9D2EA /* DataWorker.swift */,
				DD212328249A02C400A9D2EA /* DownloadManager.swift */,
				DD212326249A02A000A9D2EA /* ImageCache.swift */,
				DD212322249A01DA00A9D2EA /* URLBuilder.swift */,
				DD21235D249A3BB600A9D2EA /* RepositoryWarehouse.swift */,
				DD26CFC6249C001C00B09F73 /* AlertHandler.swift */,
			);
			path = Utils;
			sourceTree = "<group>";
		};
		DD21232C249A02F100A9D2EA /* Extensions */ = {
			isa = PBXGroup;
			children = (
				DD21232F249A033100A9D2EA /* Dictionary+PercentEncoded.swift */,
				DD21232D249A031500A9D2EA /* HTTPURLResponse+HasSuccessStatusCode.swift */,
				DD212353249A14D900A9D2EA /* UITableViewCell + ReuseIdentifier.swift */,
			);
			path = Extensions;
			sourceTree = "<group>";
		};
		DD212331249A035B00A9D2EA /* Constants */ = {
			isa = PBXGroup;
			children = (
				DD212332249A036400A9D2EA /* CustomError.swift */,
			);
			path = Constants;
			sourceTree = "<group>";
		};
		DD212334249A066800A9D2EA /* Models */ = {
			isa = PBXGroup;
			children = (
				DD212335249A067400A9D2EA /* Repository.swift */,
				DD212337249A06D800A9D2EA /* Owner.swift */,
				DD212365249B699900A9D2EA /* Commit.swift */,
				DD212367249B6AD800A9D2EA /* CommitNode.swift */,
				DD212369249B6B9E00A9D2EA /* CommitNodeAuthor.swift */,
			);
			path = Models;
			sourceTree = "<group>";
		};
		DD21233D249A0C0300A9D2EA /* Coordinators */ = {
			isa = PBXGroup;
			children = (
				DD21233E249A0C0F00A9D2EA /* Coordinator.swift */,
				DD212340249A0C2400A9D2EA /* RepostoriesCoordinator.swift */,
			);
			path = Coordinators;
			sourceTree = "<group>";
		};
		DD212344249A130B00A9D2EA /* Repository List View Controller */ = {
			isa = PBXGroup;
			children = (
				DD212342249A12F300A9D2EA /* RepositoryListView.swift */,
				DD21234A249A144600A9D2EA /* RepositoryListTableViewCell.swift */,
			);
			path = "Repository List View Controller";
			sourceTree = "<group>";
		};
		DD212345249A131A00A9D2EA /* Custom Views */ = {
			isa = PBXGroup;
			children = (
				DD212346249A132700A9D2EA /* AsyncImageView.swift */,
			);
			path = "Custom Views";
			sourceTree = "<group>";
		};
		DD212355249A36F200A9D2EA /* View models */ = {
			isa = PBXGroup;
			children = (
				DD212356249A371400A9D2EA /* RepositoryListTableViewCellViewModel.swift */,
				DD212361249A3E2200A9D2EA /* RepositoryListViewModel.swift */,
				DD212372249B732E00A9D2EA /* RepositoryInfoViewModel.swift */,
			);
			path = "View models";
			sourceTree = "<group>";
		};
		DD212358249A38A800A9D2EA /* Repository List View Controller */ = {
			isa = PBXGroup;
			children = (
				DD212359249A38D200A9D2EA /* RepositoryListTableViewDataSource.swift */,
				DD21235F249A3D7900A9D2EA /* RepositoryListTableViewDelegate.swift */,
				DD212363249AADEB00A9D2EA /* RepositoryListTableViewPrefetchingDataSource.swift */,
			);
			path = "Repository List View Controller";
			sourceTree = "<group>";
		};
		DD21236F249B6DED00A9D2EA /* Repository Info View Controller */ = {
			isa = PBXGroup;
			children = (
				DD212370249B6E0000A9D2EA /* RepositoryInfoView.swift */,
			);
			path = "Repository Info View Controller";
			sourceTree = "<group>";
		};
		DD26CFA7249BAEF100B09F73 /* NaPopravku Test Tests */ = {
			isa = PBXGroup;
			children = (
				DD26CFA8249BAEF100B09F73 /* NaPopravku_Test_Tests.swift */,
				DD26CFB2249BB33700B09F73 /* CommitNode+Equatable.swift */,
				DD26CFB6249BB61000B09F73 /* Owner+Equatable.swift */,
				DD26CFB4249BB3F900B09F73 /* Commit+Equatable.swift */,
				DD26CFB0249BB10600B09F73 /* CommitNodeAuthor+Equatable.swift */,
				DD26CFAA249BAEF100B09F73 /* Info.plist */,
			);
			path = "NaPopravku Test Tests";
			sourceTree = "<group>";
		};
		DD26CFBD249BC38200B09F73 /* NaPopravku Test UITests */ = {
			isa = PBXGroup;
			children = (
				DD26CFBE249BC38200B09F73 /* NaPopravku_Test_UITests.swift */,
				DD26CFC0249BC38200B09F73 /* Info.plist */,
			);
			path = "NaPopravku Test UITests";
			sourceTree = "<group>";
		};
/* End PBXGroup section */

/* Begin PBXNativeTarget section */
		DD212305249A00BE00A9D2EA /* NaPopravku Test */ = {
			isa = PBXNativeTarget;
			buildConfigurationList = DD21231A249A00C100A9D2EA /* Build configuration list for PBXNativeTarget "NaPopravku Test" */;
			buildPhases = (
				DD212302249A00BE00A9D2EA /* Sources */,
				DD212303249A00BE00A9D2EA /* Frameworks */,
				DD212304249A00BE00A9D2EA /* Resources */,
			);
			buildRules = (
			);
			dependencies = (
			);
			name = "NaPopravku Test";
			productName = "NaPopravku Test";
			productReference = DD212306249A00BE00A9D2EA /* NaPopravku Test.app */;
			productType = "com.apple.product-type.application";
		};
		DD26CFA5249BAEF100B09F73 /* NaPopravku Test Tests */ = {
			isa = PBXNativeTarget;
			buildConfigurationList = DD26CFAD249BAEF100B09F73 /* Build configuration list for PBXNativeTarget "NaPopravku Test Tests" */;
			buildPhases = (
				DD26CFA2249BAEF100B09F73 /* Sources */,
				DD26CFA3249BAEF100B09F73 /* Frameworks */,
				DD26CFA4249BAEF100B09F73 /* Resources */,
			);
			buildRules = (
			);
			dependencies = (
				DD26CFAC249BAEF100B09F73 /* PBXTargetDependency */,
			);
			name = "NaPopravku Test Tests";
			productName = "NaPopravku Test Tests";
			productReference = DD26CFA6249BAEF100B09F73 /* NaPopravku Test Tests.xctest */;
			productType = "com.apple.product-type.bundle.unit-test";
		};
		DD26CFBB249BC38200B09F73 /* NaPopravku Test UITests */ = {
			isa = PBXNativeTarget;
			buildConfigurationList = DD26CFC3249BC38200B09F73 /* Build configuration list for PBXNativeTarget "NaPopravku Test UITests" */;
			buildPhases = (
				DD26CFB8249BC38200B09F73 /* Sources */,
				DD26CFB9249BC38200B09F73 /* Frameworks */,
				DD26CFBA249BC38200B09F73 /* Resources */,
			);
			buildRules = (
			);
			dependencies = (
				DD26CFC2249BC38200B09F73 /* PBXTargetDependency */,
			);
			name = "NaPopravku Test UITests";
			productName = "NaPopravku Test UITests";
			productReference = DD26CFBC249BC38200B09F73 /* NaPopravku Test UITests.xctest */;
			productType = "com.apple.product-type.bundle.ui-testing";
		};
/* End PBXNativeTarget section */

/* Begin PBXProject section */
		DD2122FE249A00BE00A9D2EA /* Project object */ = {
			isa = PBXProject;
			attributes = {
				LastSwiftUpdateCheck = 1150;
				LastUpgradeCheck = 1150;
				ORGANIZATIONNAME = "Eugene Ilyin";
				TargetAttributes = {
					DD212305249A00BE00A9D2EA = {
						CreatedOnToolsVersion = 11.5;
					};
					DD26CFA5249BAEF100B09F73 = {
						CreatedOnToolsVersion = 11.5;
						TestTargetID = DD212305249A00BE00A9D2EA;
					};
					DD26CFBB249BC38200B09F73 = {
						CreatedOnToolsVersion = 11.5;
						TestTargetID = DD212305249A00BE00A9D2EA;
					};
				};
			};
			buildConfigurationList = DD212301249A00BE00A9D2EA /* Build configuration list for PBXProject "NaPopravku Test" */;
			compatibilityVersion = "Xcode 9.3";
			developmentRegion = en;
			hasScannedForEncodings = 0;
			knownRegions = (
				en,
				Base,
			);
			mainGroup = DD2122FD249A00BE00A9D2EA;
			productRefGroup = DD212307249A00BE00A9D2EA /* Products */;
			projectDirPath = "";
			projectRoot = "";
			targets = (
				DD212305249A00BE00A9D2EA /* NaPopravku Test */,
				DD26CFA5249BAEF100B09F73 /* NaPopravku Test Tests */,
				DD26CFBB249BC38200B09F73 /* NaPopravku Test UITests */,
			);
		};
/* End PBXProject section */

/* Begin PBXResourcesBuildPhase section */
		DD212304249A00BE00A9D2EA /* Resources */ = {
			isa = PBXResourcesBuildPhase;
			buildActionMask = 2147483647;
			files = (
				DD212316249A00C100A9D2EA /* LaunchScreen.storyboard in Resources */,
				DD212313249A00C100A9D2EA /* Assets.xcassets in Resources */,
				DD212311249A00BE00A9D2EA /* Main.storyboard in Resources */,
			);
			runOnlyForDeploymentPostprocessing = 0;
		};
		DD26CFA4249BAEF100B09F73 /* Resources */ = {
			isa = PBXResourcesBuildPhase;
			buildActionMask = 2147483647;
			files = (
			);
			runOnlyForDeploymentPostprocessing = 0;
		};
		DD26CFBA249BC38200B09F73 /* Resources */ = {
			isa = PBXResourcesBuildPhase;
			buildActionMask = 2147483647;
			files = (
			);
			runOnlyForDeploymentPostprocessing = 0;
		};
/* End PBXResourcesBuildPhase section */

/* Begin PBXSourcesBuildPhase section */
		DD212302249A00BE00A9D2EA /* Sources */ = {
			isa = PBXSourcesBuildPhase;
			buildActionMask = 2147483647;
			files = (
				DD212362249A3E2200A9D2EA /* RepositoryListViewModel.swift in Sources */,
				DD212357249A371400A9D2EA /* RepositoryListTableViewCellViewModel.swift in Sources */,
				DD212327249A02A000A9D2EA /* ImageCache.swift in Sources */,
				DD21236A249B6B9E00A9D2EA /* CommitNodeAuthor.swift in Sources */,
				DD212338249A06D800A9D2EA /* Owner.swift in Sources */,
				DD212329249A02C400A9D2EA /* DownloadManager.swift in Sources */,
				DD21235A249A38D200A9D2EA /* RepositoryListTableViewDataSource.swift in Sources */,
				DD21232B249A02DE00A9D2EA /* DataWorker.swift in Sources */,
				DD21233F249A0C0F00A9D2EA /* Coordinator.swift in Sources */,
				DD212368249B6AD800A9D2EA /* CommitNode.swift in Sources */,
				DD21235E249A3BB600A9D2EA /* RepositoryWarehouse.swift in Sources */,
				DD212341249A0C2400A9D2EA /* RepostoriesCoordinator.swift in Sources */,
				DD212336249A067400A9D2EA /* Repository.swift in Sources */,
				DD212364249AADEB00A9D2EA /* RepositoryListTableViewPrefetchingDataSource.swift in Sources */,
				DD212373249B732E00A9D2EA /* RepositoryInfoViewModel.swift in Sources */,
				DD21233C249A0BC600A9D2EA /* RepositoryListViewController.swift in Sources */,
				DD212343249A12F300A9D2EA /* RepositoryListView.swift in Sources */,
				DD212366249B699900A9D2EA /* Commit.swift in Sources */,
				DD212333249A036400A9D2EA /* CustomError.swift in Sources */,
				DD212354249A14D900A9D2EA /* UITableViewCell + ReuseIdentifier.swift in Sources */,
				DD21236E249B6C9500A9D2EA /* RepositoryInfoViewController.swift in Sources */,
				DD26CFC7249C001C00B09F73 /* AlertHandler.swift in Sources */,
				DD212371249B6E0000A9D2EA /* RepositoryInfoView.swift in Sources */,
				DD212330249A033100A9D2EA /* Dictionary+PercentEncoded.swift in Sources */,
				DD212360249A3D7900A9D2EA /* RepositoryListTableViewDelegate.swift in Sources */,
				DD212347249A132700A9D2EA /* AsyncImageView.swift in Sources */,
				DD21230A249A00BE00A9D2EA /* AppDelegate.swift in Sources */,
				DD21234C249A144600A9D2EA /* RepositoryListTableViewCell.swift in Sources */,
				DD21232E249A031500A9D2EA /* HTTPURLResponse+HasSuccessStatusCode.swift in Sources */,
				DD212323249A01DA00A9D2EA /* URLBuilder.swift in Sources */,
			);
			runOnlyForDeploymentPostprocessing = 0;
		};
		DD26CFA2249BAEF100B09F73 /* Sources */ = {
			isa = PBXSourcesBuildPhase;
			buildActionMask = 2147483647;
			files = (
				DD26CFB7249BB61000B09F73 /* Owner+Equatable.swift in Sources */,
				DD26CFB1249BB10600B09F73 /* CommitNodeAuthor+Equatable.swift in Sources */,
				DD26CFB5249BB3F900B09F73 /* Commit+Equatable.swift in Sources */,
				DD26CFB3249BB33700B09F73 /* CommitNode+Equatable.swift in Sources */,
				DD26CFA9249BAEF100B09F73 /* NaPopravku_Test_Tests.swift in Sources */,
			);
			runOnlyForDeploymentPostprocessing = 0;
		};
		DD26CFB8249BC38200B09F73 /* Sources */ = {
			isa = PBXSourcesBuildPhase;
			buildActionMask = 2147483647;
			files = (
				DD26CFBF249BC38200B09F73 /* NaPopravku_Test_UITests.swift in Sources */,
			);
			runOnlyForDeploymentPostprocessing = 0;
		};
/* End PBXSourcesBuildPhase section */

/* Begin PBXTargetDependency section */
		DD26CFAC249BAEF100B09F73 /* PBXTargetDependency */ = {
			isa = PBXTargetDependency;
			target = DD212305249A00BE00A9D2EA /* NaPopravku Test */;
			targetProxy = DD26CFAB249BAEF100B09F73 /* PBXContainerItemProxy */;
		};
		DD26CFC2249BC38200B09F73 /* PBXTargetDependency */ = {
			isa = PBXTargetDependency;
			target = DD212305249A00BE00A9D2EA /* NaPopravku Test */;
			targetProxy = DD26CFC1249BC38200B09F73 /* PBXContainerItemProxy */;
		};
/* End PBXTargetDependency section */

/* Begin PBXVariantGroup section */
		DD21230F249A00BE00A9D2EA /* Main.storyboard */ = {
			isa = PBXVariantGroup;
			children = (
				DD212310249A00BE00A9D2EA /* Base */,
			);
			name = Main.storyboard;
			sourceTree = "<group>";
		};
		DD212314249A00C100A9D2EA /* LaunchScreen.storyboard */ = {
			isa = PBXVariantGroup;
			children = (
				DD212315249A00C100A9D2EA /* Base */,
			);
			name = LaunchScreen.storyboard;
			sourceTree = "<group>";
		};
/* End PBXVariantGroup section */

/* Begin XCBuildConfiguration section */
		DD212318249A00C100A9D2EA /* Debug */ = {
			isa = XCBuildConfiguration;
			buildSettings = {
				ALWAYS_SEARCH_USER_PATHS = NO;
				CLANG_ANALYZER_NONNULL = YES;
				CLANG_ANALYZER_NUMBER_OBJECT_CONVERSION = YES_AGGRESSIVE;
				CLANG_CXX_LANGUAGE_STANDARD = "gnu++14";
				CLANG_CXX_LIBRARY = "libc++";
				CLANG_ENABLE_MODULES = YES;
				CLANG_ENABLE_OBJC_ARC = YES;
				CLANG_ENABLE_OBJC_WEAK = YES;
				CLANG_WARN_BLOCK_CAPTURE_AUTORELEASING = YES;
				CLANG_WARN_BOOL_CONVERSION = YES;
				CLANG_WARN_COMMA = YES;
				CLANG_WARN_CONSTANT_CONVERSION = YES;
				CLANG_WARN_DEPRECATED_OBJC_IMPLEMENTATIONS = YES;
				CLANG_WARN_DIRECT_OBJC_ISA_USAGE = YES_ERROR;
				CLANG_WARN_DOCUMENTATION_COMMENTS = YES;
				CLANG_WARN_EMPTY_BODY = YES;
				CLANG_WARN_ENUM_CONVERSION = YES;
				CLANG_WARN_INFINITE_RECURSION = YES;
				CLANG_WARN_INT_CONVERSION = YES;
				CLANG_WARN_NON_LITERAL_NULL_CONVERSION = YES;
				CLANG_WARN_OBJC_IMPLICIT_RETAIN_SELF = YES;
				CLANG_WARN_OBJC_LITERAL_CONVERSION = YES;
				CLANG_WARN_OBJC_ROOT_CLASS = YES_ERROR;
				CLANG_WARN_RANGE_LOOP_ANALYSIS = YES;
				CLANG_WARN_STRICT_PROTOTYPES = YES;
				CLANG_WARN_SUSPICIOUS_MOVE = YES;
				CLANG_WARN_UNGUARDED_AVAILABILITY = YES_AGGRESSIVE;
				CLANG_WARN_UNREACHABLE_CODE = YES;
				CLANG_WARN__DUPLICATE_METHOD_MATCH = YES;
				COPY_PHASE_STRIP = NO;
				DEBUG_INFORMATION_FORMAT = dwarf;
				ENABLE_STRICT_OBJC_MSGSEND = YES;
				ENABLE_TESTABILITY = YES;
				GCC_C_LANGUAGE_STANDARD = gnu11;
				GCC_DYNAMIC_NO_PIC = NO;
				GCC_NO_COMMON_BLOCKS = YES;
				GCC_OPTIMIZATION_LEVEL = 0;
				GCC_PREPROCESSOR_DEFINITIONS = (
					"DEBUG=1",
					"$(inherited)",
				);
				GCC_WARN_64_TO_32_BIT_CONVERSION = YES;
				GCC_WARN_ABOUT_RETURN_TYPE = YES_ERROR;
				GCC_WARN_UNDECLARED_SELECTOR = YES;
				GCC_WARN_UNINITIALIZED_AUTOS = YES_AGGRESSIVE;
				GCC_WARN_UNUSED_FUNCTION = YES;
				GCC_WARN_UNUSED_VARIABLE = YES;
				IPHONEOS_DEPLOYMENT_TARGET = 12.0;
				MTL_ENABLE_DEBUG_INFO = INCLUDE_SOURCE;
				MTL_FAST_MATH = YES;
				ONLY_ACTIVE_ARCH = YES;
				SDKROOT = iphoneos;
				SWIFT_ACTIVE_COMPILATION_CONDITIONS = DEBUG;
				SWIFT_OPTIMIZATION_LEVEL = "-Onone";
			};
			name = Debug;
		};
		DD212319249A00C100A9D2EA /* Release */ = {
			isa = XCBuildConfiguration;
			buildSettings = {
				ALWAYS_SEARCH_USER_PATHS = NO;
				CLANG_ANALYZER_NONNULL = YES;
				CLANG_ANALYZER_NUMBER_OBJECT_CONVERSION = YES_AGGRESSIVE;
				CLANG_CXX_LANGUAGE_STANDARD = "gnu++14";
				CLANG_CXX_LIBRARY = "libc++";
				CLANG_ENABLE_MODULES = YES;
				CLANG_ENABLE_OBJC_ARC = YES;
				CLANG_ENABLE_OBJC_WEAK = YES;
				CLANG_WARN_BLOCK_CAPTURE_AUTORELEASING = YES;
				CLANG_WARN_BOOL_CONVERSION = YES;
				CLANG_WARN_COMMA = YES;
				CLANG_WARN_CONSTANT_CONVERSION = YES;
				CLANG_WARN_DEPRECATED_OBJC_IMPLEMENTATIONS = YES;
				CLANG_WARN_DIRECT_OBJC_ISA_USAGE = YES_ERROR;
				CLANG_WARN_DOCUMENTATION_COMMENTS = YES;
				CLANG_WARN_EMPTY_BODY = YES;
				CLANG_WARN_ENUM_CONVERSION = YES;
				CLANG_WARN_INFINITE_RECURSION = YES;
				CLANG_WARN_INT_CONVERSION = YES;
				CLANG_WARN_NON_LITERAL_NULL_CONVERSION = YES;
				CLANG_WARN_OBJC_IMPLICIT_RETAIN_SELF = YES;
				CLANG_WARN_OBJC_LITERAL_CONVERSION = YES;
				CLANG_WARN_OBJC_ROOT_CLASS = YES_ERROR;
				CLANG_WARN_RANGE_LOOP_ANALYSIS = YES;
				CLANG_WARN_STRICT_PROTOTYPES = YES;
				CLANG_WARN_SUSPICIOUS_MOVE = YES;
				CLANG_WARN_UNGUARDED_AVAILABILITY = YES_AGGRESSIVE;
				CLANG_WARN_UNREACHABLE_CODE = YES;
				CLANG_WARN__DUPLICATE_METHOD_MATCH = YES;
				COPY_PHASE_STRIP = NO;
				DEBUG_INFORMATION_FORMAT = "dwarf-with-dsym";
				ENABLE_NS_ASSERTIONS = NO;
				ENABLE_STRICT_OBJC_MSGSEND = YES;
				GCC_C_LANGUAGE_STANDARD = gnu11;
				GCC_NO_COMMON_BLOCKS = YES;
				GCC_WARN_64_TO_32_BIT_CONVERSION = YES;
				GCC_WARN_ABOUT_RETURN_TYPE = YES_ERROR;
				GCC_WARN_UNDECLARED_SELECTOR = YES;
				GCC_WARN_UNINITIALIZED_AUTOS = YES_AGGRESSIVE;
				GCC_WARN_UNUSED_FUNCTION = YES;
				GCC_WARN_UNUSED_VARIABLE = YES;
				IPHONEOS_DEPLOYMENT_TARGET = 12.0;
				MTL_ENABLE_DEBUG_INFO = NO;
				MTL_FAST_MATH = YES;
				SDKROOT = iphoneos;
				SWIFT_COMPILATION_MODE = wholemodule;
				SWIFT_OPTIMIZATION_LEVEL = "-O";
				VALIDATE_PRODUCT = YES;
			};
			name = Release;
		};
		DD21231B249A00C100A9D2EA /* Debug */ = {
			isa = XCBuildConfiguration;
			buildSettings = {
				ASSETCATALOG_COMPILER_APPICON_NAME = AppIcon;
				CODE_SIGN_STYLE = Automatic;
				DEVELOPMENT_TEAM = QZTJ8W8QRE;
				INFOPLIST_FILE = "$(SRCROOT)/NaPopravku Test/Resources/Info.plist";
				IPHONEOS_DEPLOYMENT_TARGET = 12.0;
				LD_RUNPATH_SEARCH_PATHS = (
					"$(inherited)",
					"@executable_path/Frameworks",
				);
				PRODUCT_BUNDLE_IDENTIFIER = "un0dvend1g.NaPopravku-Test";
				PRODUCT_NAME = "$(TARGET_NAME)";
				SWIFT_VERSION = 5.0;
				TARGETED_DEVICE_FAMILY = 1;
			};
			name = Debug;
		};
		DD21231C249A00C100A9D2EA /* Release */ = {
			isa = XCBuildConfiguration;
			buildSettings = {
				ASSETCATALOG_COMPILER_APPICON_NAME = AppIcon;
				CODE_SIGN_STYLE = Automatic;
				DEVELOPMENT_TEAM = QZTJ8W8QRE;
				INFOPLIST_FILE = "$(SRCROOT)/NaPopravku Test/Resources/Info.plist";
				IPHONEOS_DEPLOYMENT_TARGET = 12.0;
				LD_RUNPATH_SEARCH_PATHS = (
					"$(inherited)",
					"@executable_path/Frameworks",
				);
				PRODUCT_BUNDLE_IDENTIFIER = "un0dvend1g.NaPopravku-Test";
				PRODUCT_NAME = "$(TARGET_NAME)";
				SWIFT_VERSION = 5.0;
				TARGETED_DEVICE_FAMILY = 1;
			};
			name = Release;
		};
		DD26CFAE249BAEF100B09F73 /* Debug */ = {
			isa = XCBuildConfiguration;
			buildSettings = {
				BUNDLE_LOADER = "$(TEST_HOST)";
				CODE_SIGN_STYLE = Automatic;
				DEVELOPMENT_TEAM = QZTJ8W8QRE;
				INFOPLIST_FILE = "NaPopravku Test Tests/Info.plist";
				IPHONEOS_DEPLOYMENT_TARGET = 13.5;
				LD_RUNPATH_SEARCH_PATHS = (
					"$(inherited)",
					"@executable_path/Frameworks",
					"@loader_path/Frameworks",
				);
				PRODUCT_BUNDLE_IDENTIFIER = "un0dvend1g.NaPopravku-Test-Tests";
				PRODUCT_NAME = "$(TARGET_NAME)";
				SWIFT_VERSION = 5.0;
				TARGETED_DEVICE_FAMILY = "1,2";
				TEST_HOST = "$(BUILT_PRODUCTS_DIR)/NaPopravku Test.app/NaPopravku Test";
			};
			name = Debug;
		};
		DD26CFAF249BAEF100B09F73 /* Release */ = {
			isa = XCBuildConfiguration;
			buildSettings = {
				BUNDLE_LOADER = "$(TEST_HOST)";
				CODE_SIGN_STYLE = Automatic;
				DEVELOPMENT_TEAM = QZTJ8W8QRE;
				INFOPLIST_FILE = "NaPopravku Test Tests/Info.plist";
				IPHONEOS_DEPLOYMENT_TARGET = 13.5;
				LD_RUNPATH_SEARCH_PATHS = (
					"$(inherited)",
					"@executable_path/Frameworks",
					"@loader_path/Frameworks",
				);
				PRODUCT_BUNDLE_IDENTIFIER = "un0dvend1g.NaPopravku-Test-Tests";
				PRODUCT_NAME = "$(TARGET_NAME)";
				SWIFT_VERSION = 5.0;
				TARGETED_DEVICE_FAMILY = "1,2";
				TEST_HOST = "$(BUILT_PRODUCTS_DIR)/NaPopravku Test.app/NaPopravku Test";
			};
			name = Release;
		};
		DD26CFC4249BC38200B09F73 /* Debug */ = {
			isa = XCBuildConfiguration;
			buildSettings = {
				CODE_SIGN_STYLE = Automatic;
				DEVELOPMENT_TEAM = QZTJ8W8QRE;
				INFOPLIST_FILE = "NaPopravku Test UITests/Info.plist";
				IPHONEOS_DEPLOYMENT_TARGET = 13.5;
				LD_RUNPATH_SEARCH_PATHS = (
					"$(inherited)",
					"@executable_path/Frameworks",
					"@loader_path/Frameworks",
				);
				PRODUCT_BUNDLE_IDENTIFIER = "un0dvend1g.NaPopravku-Test-UITests";
				PRODUCT_NAME = "$(TARGET_NAME)";
				SWIFT_VERSION = 5.0;
				TARGETED_DEVICE_FAMILY = "1,2";
				TEST_TARGET_NAME = "NaPopravku Test";
			};
			name = Debug;
		};
		DD26CFC5249BC38200B09F73 /* Release */ = {
			isa = XCBuildConfiguration;
			buildSettings = {
				CODE_SIGN_STYLE = Automatic;
				DEVELOPMENT_TEAM = QZTJ8W8QRE;
				INFOPLIST_FILE = "NaPopravku Test UITests/Info.plist";
				IPHONEOS_DEPLOYMENT_TARGET = 13.5;
				LD_RUNPATH_SEARCH_PATHS = (
					"$(inherited)",
					"@executable_path/Frameworks",
					"@loader_path/Frameworks",
				);
				PRODUCT_BUNDLE_IDENTIFIER = "un0dvend1g.NaPopravku-Test-UITests";
				PRODUCT_NAME = "$(TARGET_NAME)";
				SWIFT_VERSION = 5.0;
				TARGETED_DEVICE_FAMILY = "1,2";
				TEST_TARGET_NAME = "NaPopravku Test";
			};
			name = Release;
		};
/* End XCBuildConfiguration section */

/* Begin XCConfigurationList section */
		DD212301249A00BE00A9D2EA /* Build configuration list for PBXProject "NaPopravku Test" */ = {
			isa = XCConfigurationList;
			buildConfigurations = (
				DD212318249A00C100A9D2EA /* Debug */,
				DD212319249A00C100A9D2EA /* Release */,
			);
			defaultConfigurationIsVisible = 0;
			defaultConfigurationName = Release;
		};
		DD21231A249A00C100A9D2EA /* Build configuration list for PBXNativeTarget "NaPopravku Test" */ = {
			isa = XCConfigurationList;
			buildConfigurations = (
				DD21231B249A00C100A9D2EA /* Debug */,
				DD21231C249A00C100A9D2EA /* Release */,
			);
			defaultConfigurationIsVisible = 0;
			defaultConfigurationName = Release;
		};
		DD26CFAD249BAEF100B09F73 /* Build configuration list for PBXNativeTarget "NaPopravku Test Tests" */ = {
			isa = XCConfigurationList;
			buildConfigurations = (
				DD26CFAE249BAEF100B09F73 /* Debug */,
				DD26CFAF249BAEF100B09F73 /* Release */,
			);
			defaultConfigurationIsVisible = 0;
			defaultConfigurationName = Release;
		};
		DD26CFC3249BC38200B09F73 /* Build configuration list for PBXNativeTarget "NaPopravku Test UITests" */ = {
			isa = XCConfigurationList;
			buildConfigurations = (
				DD26CFC4249BC38200B09F73 /* Debug */,
				DD26CFC5249BC38200B09F73 /* Release */,
			);
			defaultConfigurationIsVisible = 0;
			defaultConfigurationName = Release;
		};
/* End XCConfigurationList section */
	};
	rootObject = DD2122FE249A00BE00A9D2EA /* Project object */;
}
